
Microsoft Visual Studio Solution File, Format Version 12.00
# Visual Studio Version 16
VisualStudioVersion = 16.0.31424.327
MinimumVisualStudioVersion = 10.0.40219.1
Project("{FAE04EC0-301F-11D3-BF4B-00C04F79EFBC}") = "algorytmyps3_4", "algorytmyps3_4.csproj", "{B2EA4D8A-C960-48A2-A3BB-89B5E3972454}"
EndProject
Global
	GlobalSection(SolutionConfigurationPlatforms) = preSolution
		Debug|Any CPU = Debug|Any CPU
		Release|Any CPU = Release|Any CPU
	EndGlobalSection
	GlobalSection(ProjectConfigurationPlatforms) = postSolution
		{B2EA4D8A-C960-48A2-A3BB-89B5E3972454}.Debug|Any CPU.ActiveCfg = Debug|Any CPU
		{B2EA4D8A-C960-48A2-A3BB-89B5E3972454}.Debug|Any CPU.Build.0 = Debug|Any CPU
		{B2EA4D8A-C960-48A2-A3BB-89B5E3972454}.Release|Any CPU.ActiveCfg = Release|Any CPU
		{B2EA4D8A-C960-48A2-A3BB-89B5E3972454}.Release|Any CPU.Build.0 = Release|Any CPU
	EndGlobalSection
	GlobalSection(SolutionProperties) = preSolution
		HideSolutionNode = FALSE
	EndGlobalSection
	GlobalSection(ExtensibilityGlobals) = postSolution
		SolutionGuid = {F48FD8E1-AD43-4884-8E0F-EA4E6E5218E5}
	EndGlobalSection
EndGlobal
