
Microsoft Visual Studio Solution File, Format Version 12.00
# Visual Studio Version 16
VisualStudioVersion = 16.0.31729.503
MinimumVisualStudioVersion = 10.0.40219.1
Project("{FAE04EC0-301F-11D3-BF4B-00C04F79EFBC}") = "algo_ps5_6", "algo_ps5_6.csproj", "{BE9A20F4-1F64-473A-938B-D006FC77CEF6}"
EndProject
Global
	GlobalSection(SolutionConfigurationPlatforms) = preSolution
		Debug|Any CPU = Debug|Any CPU
		Release|Any CPU = Release|Any CPU
	EndGlobalSection
	GlobalSection(ProjectConfigurationPlatforms) = postSolution
		{BE9A20F4-1F64-473A-938B-D006FC77CEF6}.Debug|Any CPU.ActiveCfg = Debug|Any CPU
		{BE9A20F4-1F64-473A-938B-D006FC77CEF6}.Debug|Any CPU.Build.0 = Debug|Any CPU
		{BE9A20F4-1F64-473A-938B-D006FC77CEF6}.Release|Any CPU.ActiveCfg = Release|Any CPU
		{BE9A20F4-1F64-473A-938B-D006FC77CEF6}.Release|Any CPU.Build.0 = Release|Any CPU
	EndGlobalSection
	GlobalSection(SolutionProperties) = preSolution
		HideSolutionNode = FALSE
	EndGlobalSection
	GlobalSection(ExtensibilityGlobals) = postSolution
		SolutionGuid = {77B7F512-6C32-47FA-95C3-3E3CBE3357A5}
	EndGlobalSection
EndGlobal
